
Microsoft Visual Studio Solution File, Format Version 12.00
# Visual Studio Version 16
VisualStudioVersion = 16.0.33529.622
MinimumVisualStudioVersion = 10.0.40219.1
Project("{FE7A1B72-C5B7-4D7C-BB7D-76384D4DE8E1}") = "TcHmiProject", "TcHmiProject\TcHmiProject.hmiproj", "{A55D3176-F963-46A8-A2B1-2ECF424B2158}"
EndProject
Global
	GlobalSection(SolutionConfigurationPlatforms) = preSolution
		Debug|TwinCAT HMI = Debug|TwinCAT HMI
		Release|TwinCAT HMI = Release|TwinCAT HMI
	EndGlobalSection
	GlobalSection(ProjectConfigurationPlatforms) = postSolution
		{A55D3176-F963-46A8-A2B1-2ECF424B2158}.Debug|TwinCAT HMI.ActiveCfg = Debug|TwinCAT HMI
		{A55D3176-F963-46A8-A2B1-2ECF424B2158}.Debug|TwinCAT HMI.Build.0 = Debug|TwinCAT HMI
		{A55D3176-F963-46A8-A2B1-2ECF424B2158}.Release|TwinCAT HMI.ActiveCfg = Release|TwinCAT HMI
		{A55D3176-F963-46A8-A2B1-2ECF424B2158}.Release|TwinCAT HMI.Build.0 = Release|TwinCAT HMI
	EndGlobalSection
	GlobalSection(SolutionProperties) = preSolution
		HideSolutionNode = FALSE
	EndGlobalSection
	GlobalSection(ExtensibilityGlobals) = postSolution
		SolutionGuid = {87B096BD-DA6A-4116-8B46-51F624DFEC81}
	EndGlobalSection
EndGlobal
